
Microsoft Visual Studio Solution File, Format Version 12.00
# Visual Studio Version 17
VisualStudioVersion = 17.3.32811.315
MinimumVisualStudioVersion = 10.0.40219.1
Project("{9A19103F-16F7-4668-BE54-9A1E7A4F7556}") = "BookingCalendar", "BookingCalendar\BookingCalendar\BookingCalendar.csproj", "{969FF5C2-AFBA-4C27-B153-C732299F4CEA}"
EndProject
Project("{FAE04EC0-301F-11D3-BF4B-00C04F79EFBC}") = "BookingCalendarTests", "BookingCalendarTests\BookingCalendarTests.csproj", "{9F5A591A-EE69-4FD3-ADB5-276A9EA1413D}"
EndProject
Global
	GlobalSection(SolutionConfigurationPlatforms) = preSolution
		Debug|Any CPU = Debug|Any CPU
		Release|Any CPU = Release|Any CPU
	EndGlobalSection
	GlobalSection(ProjectConfigurationPlatforms) = postSolution
		{969FF5C2-AFBA-4C27-B153-C732299F4CEA}.Debug|Any CPU.ActiveCfg = Debug|Any CPU
		{969FF5C2-AFBA-4C27-B153-C732299F4CEA}.Debug|Any CPU.Build.0 = Debug|Any CPU
		{969FF5C2-AFBA-4C27-B153-C732299F4CEA}.Release|Any CPU.ActiveCfg = Release|Any CPU
		{969FF5C2-AFBA-4C27-B153-C732299F4CEA}.Release|Any CPU.Build.0 = Release|Any CPU
		{9F5A591A-EE69-4FD3-ADB5-276A9EA1413D}.Debug|Any CPU.ActiveCfg = Debug|Any CPU
		{9F5A591A-EE69-4FD3-ADB5-276A9EA1413D}.Debug|Any CPU.Build.0 = Debug|Any CPU
		{9F5A591A-EE69-4FD3-ADB5-276A9EA1413D}.Release|Any CPU.ActiveCfg = Release|Any CPU
		{9F5A591A-EE69-4FD3-ADB5-276A9EA1413D}.Release|Any CPU.Build.0 = Release|Any CPU
	EndGlobalSection
	GlobalSection(SolutionProperties) = preSolution
		HideSolutionNode = FALSE
	EndGlobalSection
	GlobalSection(ExtensibilityGlobals) = postSolution
		SolutionGuid = {EC488F70-AA78-4343-9DE6-DEC85E7ED9CC}
	EndGlobalSection
EndGlobal
